
Microsoft Visual Studio Solution File, Format Version 12.00
# Visual Studio 14
VisualStudioVersion = 14.0.25420.1
MinimumVisualStudioVersion = 10.0.40219.1
Project("{FAE04EC0-301F-11D3-BF4B-00C04F79EFBC}") = "GSATPrediction", "GSATPrediction\GSATPrediction.csproj", "{C14A648B-9581-4007-A46D-66D95AE5DDE3}"
EndProject
Global
	GlobalSection(SolutionConfigurationPlatforms) = preSolution
		Debug|Any CPU = Debug|Any CPU
		Release|Any CPU = Release|Any CPU
	EndGlobalSection
	GlobalSection(ProjectConfigurationPlatforms) = postSolution
		{C14A648B-9581-4007-A46D-66D95AE5DDE3}.Debug|Any CPU.ActiveCfg = Debug|Any CPU
		{C14A648B-9581-4007-A46D-66D95AE5DDE3}.Debug|Any CPU.Build.0 = Debug|Any CPU
		{C14A648B-9581-4007-A46D-66D95AE5DDE3}.Release|Any CPU.ActiveCfg = Release|Any CPU
		{C14A648B-9581-4007-A46D-66D95AE5DDE3}.Release|Any CPU.Build.0 = Release|Any CPU
	EndGlobalSection
	GlobalSection(SolutionProperties) = preSolution
		HideSolutionNode = FALSE
	EndGlobalSection
EndGlobal
